<Project xmlns="http://schemas.microsoft.com/developer/msbuild/2003">
    <PropertyGroup>
        <ProjectGuid>{50014228-7180-45ED-9237-34539EE52333}</ProjectGuid>
        <MainSource>pdfspool.dpr</MainSource>
        <ProjectVersion>18.2</ProjectVersion>
        <Config Condition="'$(Config)'==''">Release</Config>
        <DCC_DCCCompiler>DCC32</DCC_DCCCompiler>
        <FrameworkType>VCL</FrameworkType>
        <Base>True</Base>
        <Platform Condition="'$(Platform)'==''">Win32</Platform>
        <TargetedPlatforms>1</TargetedPlatforms>
        <AppType>Application</AppType>
    </PropertyGroup>
    <PropertyGroup Condition="'$(Config)'=='Base' or '$(Base)'!=''">
        <Base>true</Base>
    </PropertyGroup>
    <PropertyGroup Condition="('$(Platform)'=='Win32' and '$(Base)'=='true') or '$(Base_Win32)'!=''">
        <Base_Win32>true</Base_Win32>
        <CfgParent>Base</CfgParent>
        <Base>true</Base>
    </PropertyGroup>
    <PropertyGroup Condition="('$(Platform)'=='Win64' and '$(Base)'=='true') or '$(Base_Win64)'!=''">
        <Base_Win64>true</Base_Win64>
        <CfgParent>Base</CfgParent>
        <Base>true</Base>
    </PropertyGroup>
    <PropertyGroup Condition="'$(Config)'=='Release' or '$(Cfg_1)'!=''">
        <Cfg_1>true</Cfg_1>
        <CfgParent>Base</CfgParent>
        <Base>true</Base>
    </PropertyGroup>
    <PropertyGroup Condition="('$(Platform)'=='Win32' and '$(Cfg_1)'=='true') or '$(Cfg_1_Win32)'!=''">
        <Cfg_1_Win32>true</Cfg_1_Win32>
        <CfgParent>Cfg_1</CfgParent>
        <Cfg_1>true</Cfg_1>
        <Base>true</Base>
    </PropertyGroup>
    <PropertyGroup Condition="'$(Config)'=='Debug' or '$(Cfg_2)'!=''">
        <Cfg_2>true</Cfg_2>
        <CfgParent>Base</CfgParent>
        <Base>true</Base>
    </PropertyGroup>
    <PropertyGroup Condition="('$(Platform)'=='Win32' and '$(Cfg_2)'=='true') or '$(Cfg_2_Win32)'!=''">
        <Cfg_2_Win32>true</Cfg_2_Win32>
        <CfgParent>Cfg_2</CfgParent>
        <Cfg_2>true</Cfg_2>
        <Base>true</Base>
    </PropertyGroup>
    <PropertyGroup Condition="'$(Base)'!=''">
        <PreBuildEvent><![CDATA[.\__clean.bat
$(PreBuildEvent)]]></PreBuildEvent>
        <SanitizedProjectName>pdfspool</SanitizedProjectName>
        <VerInfo_Keys>CompanyName=Litera Corp.;FileDescription=PDF Maker;FileVersion=7.0.1050.0;InternalName=LCP;LegalCopyright=Copyright (c) 2002-2012 by Litera Corp. All rights reserved.;LegalTrademarks=;OriginalFilename=pdfspool.exe;ProductName=Litera Change-Pro;ProductVersion=7.0.0.0;SpecialBuild=Release testin build</VerInfo_Keys>
        <VerInfo_Locale>1033</VerInfo_Locale>
        <VerInfo_IncludeVerInfo>true</VerInfo_IncludeVerInfo>
        <DCC_Namespace>Vcl;Vcl.Imaging;Vcl.Touch;Vcl.Samples;Vcl.Shell;System;Xml;Data;Datasnap;Web;Soap;Winapi;System.Win;Xml.Win;$(DCC_Namespace)</DCC_Namespace>
        <VerInfo_MajorVer>7</VerInfo_MajorVer>
        <VerInfo_Release>1050</VerInfo_Release>
        <VerInfo_Special>true</VerInfo_Special>
        <DCC_PentiumSafeDivide>true</DCC_PentiumSafeDivide>
        <DCC_UnitSearchPath>..\cps-saveDialog;$(DCC_UnitSearchPath)</DCC_UnitSearchPath>
        <DCC_Define>SYSMODE;$(DCC_Define)</DCC_Define>
        <DCC_DcuOutput>.\dcu</DCC_DcuOutput>
        <BRCC_EnableMultiByte>true</BRCC_EnableMultiByte>
        <DCC_ImageBase>00400000</DCC_ImageBase>
        <DCC_DependencyCheckOutputName>$(SystemRoot)\syswow64\pdfspool.exe</DCC_DependencyCheckOutputName>
        <DCC_UsePackage>vcl;rtl;dbrtl;adortl;vcldb;vclx;bdertl;vcldbx;ibxpress;dsnap;cds;bdecds;qrpt;teedb;tee;teeqr;visualclx;visualdbclx;dsnapcrba;dsnapcon;VclSmp;vclshlctrls;vclie;xmlrtl;inet;inetdbbde;inetdbxpress;inetdb;nmfast;webdsnap;websnap;soaprtl;dbexpress;dbxcds;dclOffice2k;cxLibraryVCLD6;dxBarD6;dxcomnd6;dxBarDBNavD6;dxBarExtDBItemsD6;dxBarExtItemsD6;dxDockingD6;dxsbD6;cxEditorsVCLD6;dxThemeD6;cxDataD6;cxExtEditorsVCLD6;cxPageControlVCLD6;cxGridVCLD6;cxSchedulerVCLD6;cxTreeListVCLD6;cxVerticalGridVCLD6;cxSpreadSheetVCLD6;dxNavBarD6;dxmdsd6;dxPSCoreD6;dxPSTeeChartD6;dxPsPrVwAdvD6;dxPSLnksD6;dxPSDBTeeChartD6;dxPScxCommonD6;dxPScxTLLnkD6;dxPScxSSLnkD6;dxPScxPCProdD6;dxPScxGridLnkD6;dxPScxExtCommonD6;dxPScxVGridLnkD6;kbmMemD6Run;xaPng;ThemeManager6;zipper;clinetsuited7;VirtualTreesD6;elpkdbD6;elpproD6;elpackD6;addict3_d6;aprdlgs60;aprdlgx60;db419d6r;vclShXv2D6;vclShXDbV2D6;vclShXv2D6;vclShXDbV2D6;FlexCelC60;adxBuildD6;opk;lcpWpD6D2;AstaIOD6;Asta_SOAPD6;$(DCC_UsePackage)</DCC_UsePackage>
        <DCC_MapFile>3</DCC_MapFile>
        <DCC_Platform>x86</DCC_Platform>
        <DCC_ExeOutput>c:\windows\syswow64\</DCC_ExeOutput>
        <DCC_K>false</DCC_K>
        <DCC_F>false</DCC_F>
        <DCC_S>false</DCC_S>
        <DCC_N>true</DCC_N>
        <DCC_SymbolReferenceInfo>0</DCC_SymbolReferenceInfo>
        <DCC_WriteableConstants>true</DCC_WriteableConstants>
        <DCC_E>false</DCC_E>
        <DCC_AssertionsAtRuntime>false</DCC_AssertionsAtRuntime>
    </PropertyGroup>
    <PropertyGroup Condition="'$(Base_Win32)'!=''">
        <UWP_DelphiLogo150>$(BDS)\bin\Artwork\Windows\UWP\delphi_UwpDefault_150.png</UWP_DelphiLogo150>
        <UWP_DelphiLogo44>$(BDS)\bin\Artwork\Windows\UWP\delphi_UwpDefault_44.png</UWP_DelphiLogo44>
        <AppEnableRuntimeThemes>true</AppEnableRuntimeThemes>
        <Icon_MainIcon>pdfspool_Icon.ico</Icon_MainIcon>
        <Debugger_RunParams>-Ed:\a1.ps</Debugger_RunParams>
        <DCC_Namespace>Data.Win;Datasnap.Win;Web.Win;Soap.Win;Bde;$(DCC_Namespace)</DCC_Namespace>
        <Manifest_File>$(BDS)\bin\default_app.manifest</Manifest_File>
    </PropertyGroup>
    <PropertyGroup Condition="'$(Base_Win64)'!=''">
        <UWP_DelphiLogo44>$(BDS)\bin\Artwork\Windows\UWP\delphi_UwpDefault_44.png</UWP_DelphiLogo44>
        <UWP_DelphiLogo150>$(BDS)\bin\Artwork\Windows\UWP\delphi_UwpDefault_150.png</UWP_DelphiLogo150>
        <Icon_MainIcon>pdfspool_Icon.ico</Icon_MainIcon>
    </PropertyGroup>
    <PropertyGroup Condition="'$(Cfg_1)'!=''">
        <DCC_Define>RELEASE;$(DCC_Define)</DCC_Define>
    </PropertyGroup>
    <PropertyGroup Condition="'$(Cfg_1_Win32)'!=''">
        <DCC_Define>PDFPRN;$(DCC_Define)</DCC_Define>
        <BT_BuildType>Debug</BT_BuildType>
        <PreBuildEvent><![CDATA[]]></PreBuildEvent>
        <VerInfo_Special>false</VerInfo_Special>
        <DCC_DebugInformation>1</DCC_DebugInformation>
        <AppEnableRuntimeThemes>true</AppEnableRuntimeThemes>
        <VerInfo_Release>1644</VerInfo_Release>
        <VerInfo_Keys>CompanyName=Litera Corp.;FileDescription=PDF Maker;FileVersion=7.0.1644.0;InternalName=LCP;LegalCopyright=Copyright (c) 2002-2017 by Litera Corp. All rights reserved.;LegalTrademarks=;OriginalFilename=pdfspool.exe;ProductName=Litera Change-Pro;ProductVersion=7.0.0.0;ProgramID=com.embarcadero.$(MSBuildProjectName)</VerInfo_Keys>
    </PropertyGroup>
    <PropertyGroup Condition="'$(Cfg_2)'!=''">
        <DCC_RemoteDebug>true</DCC_RemoteDebug>
        <BRCC_CompilerToUse>rc</BRCC_CompilerToUse>
        <DCC_Define>DEBUG;$(DCC_Define)</DCC_Define>
    </PropertyGroup>
    <PropertyGroup Condition="'$(Cfg_2_Win32)'!=''">
        <AppEnableRuntimeThemes>true</AppEnableRuntimeThemes>
        <DCC_UnitSearchPath>C:\Users\Administrator\drootxe2\imageen;$(DCC_UnitSearchPath)</DCC_UnitSearchPath>
    </PropertyGroup>
    <ItemGroup>
        <DelphiCompile Include="$(MainSource)">
            <MainSource>MainSource</MainSource>
        </DelphiCompile>
        <DCCReference Include="pdsMain3.pas">
            <Form>pdfMain</Form>
        </DCCReference>
        <DCCReference Include="pdrWinExec.pas"/>
        <DCCReference Include="pdsGs.pas"/>
        <BuildConfiguration Include="Debug">
            <Key>Cfg_2</Key>
            <CfgParent>Base</CfgParent>
        </BuildConfiguration>
        <BuildConfiguration Include="Base">
            <Key>Base</Key>
        </BuildConfiguration>
        <BuildConfiguration Include="Release">
            <Key>Cfg_1</Key>
            <CfgParent>Base</CfgParent>
        </BuildConfiguration>
    </ItemGroup>
    <Import Condition="Exists('$(BDS)\Bin\CodeGear.Delphi.Targets')" Project="$(BDS)\Bin\CodeGear.Delphi.Targets"/>
    <ProjectExtensions>
        <Borland.Personality>Delphi.Personality.12</Borland.Personality>
        <Borland.ProjectType>VCLApplication</Borland.ProjectType>
        <BorlandProject>
            <Delphi.Personality>
                <Source>
                    <Source Name="MainSource">pdfspool.dpr</Source>
                </Source>
                <Parameters>
                    <Parameters Name="UseLauncher">False</Parameters>
                    <Parameters Name="LoadAllSymbols">True</Parameters>
                    <Parameters Name="LoadUnspecifiedSymbols">False</Parameters>
                    <Parameters Name="RunParams">-Ed:\a1.ps</Parameters>
                </Parameters>
                <VersionInfo>
                    <VersionInfo Name="IncludeVerInfo">True</VersionInfo>
                    <VersionInfo Name="AutoIncBuild">False</VersionInfo>
                    <VersionInfo Name="MajorVer">7</VersionInfo>
                    <VersionInfo Name="MinorVer">0</VersionInfo>
                    <VersionInfo Name="Release">1050</VersionInfo>
                    <VersionInfo Name="Build">0</VersionInfo>
                    <VersionInfo Name="Debug">False</VersionInfo>
                    <VersionInfo Name="PreRelease">False</VersionInfo>
                    <VersionInfo Name="Special">True</VersionInfo>
                    <VersionInfo Name="Private">False</VersionInfo>
                    <VersionInfo Name="DLL">False</VersionInfo>
                    <VersionInfo Name="Locale">1033</VersionInfo>
                    <VersionInfo Name="CodePage">1252</VersionInfo>
                </VersionInfo>
                <VersionInfoKeys>
                    <VersionInfoKeys Name="CompanyName">Litera Corp.</VersionInfoKeys>
                    <VersionInfoKeys Name="FileDescription">PDF Maker</VersionInfoKeys>
                    <VersionInfoKeys Name="FileVersion">7.0.1040.0</VersionInfoKeys>
                    <VersionInfoKeys Name="InternalName">LCP</VersionInfoKeys>
                    <VersionInfoKeys Name="LegalCopyright">Copyright (c) 2002-2012 by Litera Corp. All rights reserved.</VersionInfoKeys>
                    <VersionInfoKeys Name="LegalTrademarks"/>
                    <VersionInfoKeys Name="OriginalFilename">pdfspool.exe</VersionInfoKeys>
                    <VersionInfoKeys Name="ProductName">Litera Change-Pro</VersionInfoKeys>
                    <VersionInfoKeys Name="ProductVersion">7.0.0.0</VersionInfoKeys>
                    <VersionInfoKeys Name="SpecialBuild">Release testin build</VersionInfoKeys>
                </VersionInfoKeys>
                <Excluded_Packages>
                    <Excluded_Packages Name="$(BDSBIN)\bcboffice2k240.bpl">Embarcadero C++Builder Office 2000 Servers Package</Excluded_Packages>
                    <Excluded_Packages Name="$(BDSBIN)\bcbofficexp240.bpl">Embarcadero C++Builder Office XP Servers Package</Excluded_Packages>
                    <Excluded_Packages Name="$(BDSBIN)\dcloffice2k240.bpl">Microsoft Office 2000 Sample Automation Server Wrapper Components</Excluded_Packages>
                    <Excluded_Packages Name="$(BDSBIN)\dclofficexp240.bpl">Microsoft Office XP Sample Automation Server Wrapper Components</Excluded_Packages>
                </Excluded_Packages>
            </Delphi.Personality>
            <Platforms>
                <Platform value="Win32">True</Platform>
                <Platform value="Win64">False</Platform>
            </Platforms>
            <ModelSupport>False</ModelSupport>
        </BorlandProject>
        <ProjectFileVersion>12</ProjectFileVersion>
    </ProjectExtensions>
    <Import Condition="Exists('$(APPDATA)\Embarcadero\$(BDSAPPDATABASEDIR)\$(PRODUCTVERSION)\UserTools.proj')" Project="$(APPDATA)\Embarcadero\$(BDSAPPDATABASEDIR)\$(PRODUCTVERSION)\UserTools.proj"/>
    <PropertyGroup Condition="'$(Config)'=='Release' And '$(Platform)'=='Win64'">
        <PreBuildEvent>.\__clean.bat</PreBuildEvent>
        <PreBuildEventIgnoreExitCode>False</PreBuildEventIgnoreExitCode>
        <PreLinkEvent/>
        <PreLinkEventIgnoreExitCode>False</PreLinkEventIgnoreExitCode>
        <PostBuildEvent/>
        <PostBuildEventIgnoreExitCode>False</PostBuildEventIgnoreExitCode>
    </PropertyGroup>
    <PropertyGroup Condition="'$(Config)'=='Debug' And '$(Platform)'=='Win32'">
        <PreBuildEvent>.\__clean.bat</PreBuildEvent>
        <PreBuildEventIgnoreExitCode>False</PreBuildEventIgnoreExitCode>
        <PreLinkEvent/>
        <PreLinkEventIgnoreExitCode>False</PreLinkEventIgnoreExitCode>
        <PostBuildEvent/>
        <PostBuildEventIgnoreExitCode>False</PostBuildEventIgnoreExitCode>
    </PropertyGroup>
    <PropertyGroup Condition="'$(Config)'=='Debug' And '$(Platform)'=='Win64'">
        <PreBuildEvent>.\__clean.bat</PreBuildEvent>
        <PreBuildEventIgnoreExitCode>False</PreBuildEventIgnoreExitCode>
        <PreLinkEvent/>
        <PreLinkEventIgnoreExitCode>False</PreLinkEventIgnoreExitCode>
        <PostBuildEvent/>
        <PostBuildEventIgnoreExitCode>False</PostBuildEventIgnoreExitCode>
    </PropertyGroup>
</Project>
